// !$*UTF8*$!
{
	archiveVersion = 1;
	classes = {
	};
	objectVersion = 46;
	objects = {

/* Begin PBXBuildFile section */
		10650B598745D8186B68421C /* Pods_DevslopesSocial.framework in Frameworks */ = {isa = PBXBuildFile; fileRef = 9E59E18188AF2C58C72AFF37 /* Pods_DevslopesSocial.framework */; };
		892651AC1E15E00E004DA95A /* FeedVC.swift in Sources */ = {isa = PBXBuildFile; fileRef = 892651AB1E15E00E004DA95A /* FeedVC.swift */; };
		892651AD1E15E00E004DA95A /* FeedVC.swift in Sources */ = {isa = PBXBuildFile; fileRef = 892651AB1E15E00E004DA95A /* FeedVC.swift */; };
		892651AE1E15E00E004DA95A /* FeedVC.swift in Sources */ = {isa = PBXBuildFile; fileRef = 892651AB1E15E00E004DA95A /* FeedVC.swift */; };
		892651B01E16124A004DA95A /* CircleView.swift in Sources */ = {isa = PBXBuildFile; fileRef = 892651AF1E16124A004DA95A /* CircleView.swift */; };
		892651B11E16124A004DA95A /* CircleView.swift in Sources */ = {isa = PBXBuildFile; fileRef = 892651AF1E16124A004DA95A /* CircleView.swift */; };
		892651B21E16124A004DA95A /* CircleView.swift in Sources */ = {isa = PBXBuildFile; fileRef = 892651AF1E16124A004DA95A /* CircleView.swift */; };
		892651B41E161EE3004DA95A /* PostCell.swift in Sources */ = {isa = PBXBuildFile; fileRef = 892651B31E161EE3004DA95A /* PostCell.swift */; };
		892651B51E161EE3004DA95A /* PostCell.swift in Sources */ = {isa = PBXBuildFile; fileRef = 892651B31E161EE3004DA95A /* PostCell.swift */; };
		892651B61E161EE3004DA95A /* PostCell.swift in Sources */ = {isa = PBXBuildFile; fileRef = 892651B31E161EE3004DA95A /* PostCell.swift */; };
		892651B91E16EFF5004DA95A /* DataService.swift in Sources */ = {isa = PBXBuildFile; fileRef = 892651B81E16EFF5004DA95A /* DataService.swift */; };
		892651BA1E16EFF5004DA95A /* DataService.swift in Sources */ = {isa = PBXBuildFile; fileRef = 892651B81E16EFF5004DA95A /* DataService.swift */; };
		892651BB1E16EFF5004DA95A /* DataService.swift in Sources */ = {isa = PBXBuildFile; fileRef = 892651B81E16EFF5004DA95A /* DataService.swift */; };
		896A5D891E14CF6900ACDA8E /* AppDelegate.swift in Sources */ = {isa = PBXBuildFile; fileRef = 896A5D881E14CF6900ACDA8E /* AppDelegate.swift */; };
		896A5D8B1E14CF6900ACDA8E /* SignInVC.swift in Sources */ = {isa = PBXBuildFile; fileRef = 896A5D8A1E14CF6900ACDA8E /* SignInVC.swift */; };
		896A5D8E1E14CF6900ACDA8E /* Main.storyboard in Resources */ = {isa = PBXBuildFile; fileRef = 896A5D8C1E14CF6900ACDA8E /* Main.storyboard */; };
		896A5D901E14CF6900ACDA8E /* Assets.xcassets in Resources */ = {isa = PBXBuildFile; fileRef = 896A5D8F1E14CF6900ACDA8E /* Assets.xcassets */; };
		896A5D931E14CF6900ACDA8E /* LaunchScreen.storyboard in Resources */ = {isa = PBXBuildFile; fileRef = 896A5D911E14CF6900ACDA8E /* LaunchScreen.storyboard */; };
		896A5D9E1E14CF6900ACDA8E /* DevslopesSocialTests.swift in Sources */ = {isa = PBXBuildFile; fileRef = 896A5D9D1E14CF6900ACDA8E /* DevslopesSocialTests.swift */; };
		896A5DA91E14CF6900ACDA8E /* DevslopesSocialUITests.swift in Sources */ = {isa = PBXBuildFile; fileRef = 896A5DA81E14CF6900ACDA8E /* DevslopesSocialUITests.swift */; };
		89F0E64C1E15942B00E84265 /* FancyView.swift in Sources */ = {isa = PBXBuildFile; fileRef = 89F0E64B1E15942B00E84265 /* FancyView.swift */; };
		89F0E64D1E15942B00E84265 /* FancyView.swift in Sources */ = {isa = PBXBuildFile; fileRef = 89F0E64B1E15942B00E84265 /* FancyView.swift */; };
		89F0E64E1E15942B00E84265 /* FancyView.swift in Sources */ = {isa = PBXBuildFile; fileRef = 89F0E64B1E15942B00E84265 /* FancyView.swift */; };
		89F0E6511E15951B00E84265 /* Constants.swift in Sources */ = {isa = PBXBuildFile; fileRef = 89F0E6501E15951B00E84265 /* Constants.swift */; };
		89F0E6521E15951B00E84265 /* Constants.swift in Sources */ = {isa = PBXBuildFile; fileRef = 89F0E6501E15951B00E84265 /* Constants.swift */; };
		89F0E6531E15951B00E84265 /* Constants.swift in Sources */ = {isa = PBXBuildFile; fileRef = 89F0E6501E15951B00E84265 /* Constants.swift */; };
		89F0E6551E1597AE00E84265 /* RoundButton.swift in Sources */ = {isa = PBXBuildFile; fileRef = 89F0E6541E1597AE00E84265 /* RoundButton.swift */; };
		89F0E6561E1597AE00E84265 /* RoundButton.swift in Sources */ = {isa = PBXBuildFile; fileRef = 89F0E6541E1597AE00E84265 /* RoundButton.swift */; };
		89F0E6571E1597AE00E84265 /* RoundButton.swift in Sources */ = {isa = PBXBuildFile; fileRef = 89F0E6541E1597AE00E84265 /* RoundButton.swift */; };
		89F0E6591E15996400E84265 /* RoundImageView.swift in Sources */ = {isa = PBXBuildFile; fileRef = 89F0E6581E15996400E84265 /* RoundImageView.swift */; };
		89F0E65A1E15996400E84265 /* RoundImageView.swift in Sources */ = {isa = PBXBuildFile; fileRef = 89F0E6581E15996400E84265 /* RoundImageView.swift */; };
		89F0E65B1E15996400E84265 /* RoundImageView.swift in Sources */ = {isa = PBXBuildFile; fileRef = 89F0E6581E15996400E84265 /* RoundImageView.swift */; };
		89F0E65D1E15A87200E84265 /* FancyTextField.swift in Sources */ = {isa = PBXBuildFile; fileRef = 89F0E65C1E15A87200E84265 /* FancyTextField.swift */; };
		89F0E65E1E15A87200E84265 /* FancyTextField.swift in Sources */ = {isa = PBXBuildFile; fileRef = 89F0E65C1E15A87200E84265 /* FancyTextField.swift */; };
		89F0E65F1E15A87200E84265 /* FancyTextField.swift in Sources */ = {isa = PBXBuildFile; fileRef = 89F0E65C1E15A87200E84265 /* FancyTextField.swift */; };
		89F0E6611E15AA1700E84265 /* FancyButton.swift in Sources */ = {isa = PBXBuildFile; fileRef = 89F0E6601E15AA1700E84265 /* FancyButton.swift */; };
		89F0E6621E15AA1700E84265 /* FancyButton.swift in Sources */ = {isa = PBXBuildFile; fileRef = 89F0E6601E15AA1700E84265 /* FancyButton.swift */; };
		89F0E6631E15AA1700E84265 /* FancyButton.swift in Sources */ = {isa = PBXBuildFile; fileRef = 89F0E6601E15AA1700E84265 /* FancyButton.swift */; };
		89F0E6651E15C70B00E84265 /* GoogleService-Info.plist in Resources */ = {isa = PBXBuildFile; fileRef = 89F0E6641E15C70B00E84265 /* GoogleService-Info.plist */; };
		89F0E6661E15C70B00E84265 /* GoogleService-Info.plist in Resources */ = {isa = PBXBuildFile; fileRef = 89F0E6641E15C70B00E84265 /* GoogleService-Info.plist */; };
		89F0E6671E15C70B00E84265 /* GoogleService-Info.plist in Resources */ = {isa = PBXBuildFile; fileRef = 89F0E6641E15C70B00E84265 /* GoogleService-Info.plist */; };
		D84D2CCBD4EA42942F1623E2 /* Pods_DevslopesSocialTests.framework in Frameworks */ = {isa = PBXBuildFile; fileRef = 35216B1B40D64BCD2BE0302F /* Pods_DevslopesSocialTests.framework */; };
		E90E65228712AE0BD84D20D4 /* Pods_DevslopesSocialUITests.framework in Frameworks */ = {isa = PBXBuildFile; fileRef = 99EAB8554DA4D9D67741005D /* Pods_DevslopesSocialUITests.framework */; };
/* End PBXBuildFile section */

/* Begin PBXContainerItemProxy section */
		896A5D9A1E14CF6900ACDA8E /* PBXContainerItemProxy */ = {
			isa = PBXContainerItemProxy;
			containerPortal = 896A5D7D1E14CF6900ACDA8E /* Project object */;
			proxyType = 1;
			remoteGlobalIDString = 896A5D841E14CF6900ACDA8E;
			remoteInfo = DevslopesSocial;
		};
		896A5DA51E14CF6900ACDA8E /* PBXContainerItemProxy */ = {
			isa = PBXContainerItemProxy;
			containerPortal = 896A5D7D1E14CF6900ACDA8E /* Project object */;
			proxyType = 1;
			remoteGlobalIDString = 896A5D841E14CF6900ACDA8E;
			remoteInfo = DevslopesSocial;
		};
/* End PBXContainerItemProxy section */

/* Begin PBXFileReference section */
		3086DD3CB389CCBD9E3AF981 /* Pods-DevslopesSocialUITests.release.xcconfig */ = {isa = PBXFileReference; includeInIndex = 1; lastKnownFileType = text.xcconfig; name = "Pods-DevslopesSocialUITests.release.xcconfig"; path = "Pods/Target Support Files/Pods-DevslopesSocialUITests/Pods-DevslopesSocialUITests.release.xcconfig"; sourceTree = "<group>"; };
		35216B1B40D64BCD2BE0302F /* Pods_DevslopesSocialTests.framework */ = {isa = PBXFileReference; explicitFileType = wrapper.framework; includeInIndex = 0; path = Pods_DevslopesSocialTests.framework; sourceTree = BUILT_PRODUCTS_DIR; };
		560CFC8F21B698A8ADD45838 /* Pods-DevslopesSocial.release.xcconfig */ = {isa = PBXFileReference; includeInIndex = 1; lastKnownFileType = text.xcconfig; name = "Pods-DevslopesSocial.release.xcconfig"; path = "Pods/Target Support Files/Pods-DevslopesSocial/Pods-DevslopesSocial.release.xcconfig"; sourceTree = "<group>"; };
		562033474AE25BBA8B30F0B3 /* Pods-DevslopesSocial.debug.xcconfig */ = {isa = PBXFileReference; includeInIndex = 1; lastKnownFileType = text.xcconfig; name = "Pods-DevslopesSocial.debug.xcconfig"; path = "Pods/Target Support Files/Pods-DevslopesSocial/Pods-DevslopesSocial.debug.xcconfig"; sourceTree = "<group>"; };
		58C05B56C6235F7D063A6903 /* Pods-DevslopesSocialUITests.debug.xcconfig */ = {isa = PBXFileReference; includeInIndex = 1; lastKnownFileType = text.xcconfig; name = "Pods-DevslopesSocialUITests.debug.xcconfig"; path = "Pods/Target Support Files/Pods-DevslopesSocialUITests/Pods-DevslopesSocialUITests.debug.xcconfig"; sourceTree = "<group>"; };
		892651AB1E15E00E004DA95A /* FeedVC.swift */ = {isa = PBXFileReference; fileEncoding = 4; lastKnownFileType = sourcecode.swift; path = FeedVC.swift; sourceTree = "<group>"; };
		892651AF1E16124A004DA95A /* CircleView.swift */ = {isa = PBXFileReference; fileEncoding = 4; lastKnownFileType = sourcecode.swift; path = CircleView.swift; sourceTree = "<group>"; };
		892651B31E161EE3004DA95A /* PostCell.swift */ = {isa = PBXFileReference; fileEncoding = 4; lastKnownFileType = sourcecode.swift; path = PostCell.swift; sourceTree = "<group>"; };
		892651B81E16EFF5004DA95A /* DataService.swift */ = {isa = PBXFileReference; fileEncoding = 4; lastKnownFileType = sourcecode.swift; path = DataService.swift; sourceTree = "<group>"; };
		896A5D851E14CF6900ACDA8E /* DevslopesSocial.app */ = {isa = PBXFileReference; explicitFileType = wrapper.application; includeInIndex = 0; path = DevslopesSocial.app; sourceTree = BUILT_PRODUCTS_DIR; };
		896A5D881E14CF6900ACDA8E /* AppDelegate.swift */ = {isa = PBXFileReference; lastKnownFileType = sourcecode.swift; path = AppDelegate.swift; sourceTree = "<group>"; };
		896A5D8A1E14CF6900ACDA8E /* SignInVC.swift */ = {isa = PBXFileReference; lastKnownFileType = sourcecode.swift; path = SignInVC.swift; sourceTree = "<group>"; };
		896A5D8D1E14CF6900ACDA8E /* Base */ = {isa = PBXFileReference; lastKnownFileType = file.storyboard; name = Base; path = Base.lproj/Main.storyboard; sourceTree = "<group>"; };
		896A5D8F1E14CF6900ACDA8E /* Assets.xcassets */ = {isa = PBXFileReference; lastKnownFileType = folder.assetcatalog; path = Assets.xcassets; sourceTree = "<group>"; };
		896A5D921E14CF6900ACDA8E /* Base */ = {isa = PBXFileReference; lastKnownFileType = file.storyboard; name = Base; path = Base.lproj/LaunchScreen.storyboard; sourceTree = "<group>"; };
		896A5D941E14CF6900ACDA8E /* Info.plist */ = {isa = PBXFileReference; lastKnownFileType = text.plist.xml; path = Info.plist; sourceTree = "<group>"; };
		896A5D991E14CF6900ACDA8E /* DevslopesSocialTests.xctest */ = {isa = PBXFileReference; explicitFileType = wrapper.cfbundle; includeInIndex = 0; path = DevslopesSocialTests.xctest; sourceTree = BUILT_PRODUCTS_DIR; };
		896A5D9D1E14CF6900ACDA8E /* DevslopesSocialTests.swift */ = {isa = PBXFileReference; lastKnownFileType = sourcecode.swift; path = DevslopesSocialTests.swift; sourceTree = "<group>"; };
		896A5D9F1E14CF6900ACDA8E /* Info.plist */ = {isa = PBXFileReference; lastKnownFileType = text.plist.xml; path = Info.plist; sourceTree = "<group>"; };
		896A5DA41E14CF6900ACDA8E /* DevslopesSocialUITests.xctest */ = {isa = PBXFileReference; explicitFileType = wrapper.cfbundle; includeInIndex = 0; path = DevslopesSocialUITests.xctest; sourceTree = BUILT_PRODUCTS_DIR; };
		896A5DA81E14CF6900ACDA8E /* DevslopesSocialUITests.swift */ = {isa = PBXFileReference; lastKnownFileType = sourcecode.swift; path = DevslopesSocialUITests.swift; sourceTree = "<group>"; };
		896A5DAA1E14CF6900ACDA8E /* Info.plist */ = {isa = PBXFileReference; lastKnownFileType = text.plist.xml; path = Info.plist; sourceTree = "<group>"; };
		89F0E64B1E15942B00E84265 /* FancyView.swift */ = {isa = PBXFileReference; fileEncoding = 4; lastKnownFileType = sourcecode.swift; path = FancyView.swift; sourceTree = "<group>"; };
		89F0E6501E15951B00E84265 /* Constants.swift */ = {isa = PBXFileReference; fileEncoding = 4; lastKnownFileType = sourcecode.swift; path = Constants.swift; sourceTree = "<group>"; };
		89F0E6541E1597AE00E84265 /* RoundButton.swift */ = {isa = PBXFileReference; fileEncoding = 4; lastKnownFileType = sourcecode.swift; path = RoundButton.swift; sourceTree = "<group>"; };
		89F0E6581E15996400E84265 /* RoundImageView.swift */ = {isa = PBXFileReference; fileEncoding = 4; lastKnownFileType = sourcecode.swift; path = RoundImageView.swift; sourceTree = "<group>"; };
		89F0E65C1E15A87200E84265 /* FancyTextField.swift */ = {isa = PBXFileReference; fileEncoding = 4; lastKnownFileType = sourcecode.swift; path = FancyTextField.swift; sourceTree = "<group>"; };
		89F0E6601E15AA1700E84265 /* FancyButton.swift */ = {isa = PBXFileReference; fileEncoding = 4; lastKnownFileType = sourcecode.swift; path = FancyButton.swift; sourceTree = "<group>"; };
		89F0E6641E15C70B00E84265 /* GoogleService-Info.plist */ = {isa = PBXFileReference; fileEncoding = 4; lastKnownFileType = text.plist.xml; path = "GoogleService-Info.plist"; sourceTree = "<group>"; };
		99EAB8554DA4D9D67741005D /* Pods_DevslopesSocialUITests.framework */ = {isa = PBXFileReference; explicitFileType = wrapper.framework; includeInIndex = 0; path = Pods_DevslopesSocialUITests.framework; sourceTree = BUILT_PRODUCTS_DIR; };
		9E59E18188AF2C58C72AFF37 /* Pods_DevslopesSocial.framework */ = {isa = PBXFileReference; explicitFileType = wrapper.framework; includeInIndex = 0; path = Pods_DevslopesSocial.framework; sourceTree = BUILT_PRODUCTS_DIR; };
		C92E0D40B6B29E974547390A /* Pods-DevslopesSocialTests.debug.xcconfig */ = {isa = PBXFileReference; includeInIndex = 1; lastKnownFileType = text.xcconfig; name = "Pods-DevslopesSocialTests.debug.xcconfig"; path = "Pods/Target Support Files/Pods-DevslopesSocialTests/Pods-DevslopesSocialTests.debug.xcconfig"; sourceTree = "<group>"; };
		DF10BB7581D37CB12B1BC7B5 /* Pods-DevslopesSocialTests.release.xcconfig */ = {isa = PBXFileReference; includeInIndex = 1; lastKnownFileType = text.xcconfig; name = "Pods-DevslopesSocialTests.release.xcconfig"; path = "Pods/Target Support Files/Pods-DevslopesSocialTests/Pods-DevslopesSocialTests.release.xcconfig"; sourceTree = "<group>"; };
/* End PBXFileReference section */

/* Begin PBXFrameworksBuildPhase section */
		896A5D821E14CF6900ACDA8E /* Frameworks */ = {
			isa = PBXFrameworksBuildPhase;
			buildActionMask = 2147483647;
			files = (
				10650B598745D8186B68421C /* Pods_DevslopesSocial.framework in Frameworks */,
			);
			runOnlyForDeploymentPostprocessing = 0;
		};
		896A5D961E14CF6900ACDA8E /* Frameworks */ = {
			isa = PBXFrameworksBuildPhase;
			buildActionMask = 2147483647;
			files = (
				D84D2CCBD4EA42942F1623E2 /* Pods_DevslopesSocialTests.framework in Frameworks */,
			);
			runOnlyForDeploymentPostprocessing = 0;
		};
		896A5DA11E14CF6900ACDA8E /* Frameworks */ = {
			isa = PBXFrameworksBuildPhase;
			buildActionMask = 2147483647;
			files = (
				E90E65228712AE0BD84D20D4 /* Pods_DevslopesSocialUITests.framework in Frameworks */,
			);
			runOnlyForDeploymentPostprocessing = 0;
		};
/* End PBXFrameworksBuildPhase section */

/* Begin PBXGroup section */
		023C2BF31834D7DF4235D97B /* Pods */ = {
			isa = PBXGroup;
			children = (
				562033474AE25BBA8B30F0B3 /* Pods-DevslopesSocial.debug.xcconfig */,
				560CFC8F21B698A8ADD45838 /* Pods-DevslopesSocial.release.xcconfig */,
				C92E0D40B6B29E974547390A /* Pods-DevslopesSocialTests.debug.xcconfig */,
				DF10BB7581D37CB12B1BC7B5 /* Pods-DevslopesSocialTests.release.xcconfig */,
				58C05B56C6235F7D063A6903 /* Pods-DevslopesSocialUITests.debug.xcconfig */,
				3086DD3CB389CCBD9E3AF981 /* Pods-DevslopesSocialUITests.release.xcconfig */,
			);
			name = Pods;
			sourceTree = "<group>";
		};
		892651B71E16EFDC004DA95A /* Services */ = {
			isa = PBXGroup;
			children = (
				892651B81E16EFF5004DA95A /* DataService.swift */,
			);
			name = Services;
			sourceTree = "<group>";
		};
		896A5D7C1E14CF6900ACDA8E = {
			isa = PBXGroup;
			children = (
				896A5D871E14CF6900ACDA8E /* DevslopesSocial */,
				896A5D9C1E14CF6900ACDA8E /* DevslopesSocialTests */,
				896A5DA71E14CF6900ACDA8E /* DevslopesSocialUITests */,
				896A5D861E14CF6900ACDA8E /* Products */,
				023C2BF31834D7DF4235D97B /* Pods */,
				AAF636C1C1787300FA64A404 /* Frameworks */,
			);
			sourceTree = "<group>";
		};
		896A5D861E14CF6900ACDA8E /* Products */ = {
			isa = PBXGroup;
			children = (
				896A5D851E14CF6900ACDA8E /* DevslopesSocial.app */,
				896A5D991E14CF6900ACDA8E /* DevslopesSocialTests.xctest */,
				896A5DA41E14CF6900ACDA8E /* DevslopesSocialUITests.xctest */,
			);
			name = Products;
			sourceTree = "<group>";
		};
		896A5D871E14CF6900ACDA8E /* DevslopesSocial */ = {
			isa = PBXGroup;
			children = (
				892651B71E16EFDC004DA95A /* Services */,
				89F0E64F1E1594F400E84265 /* Util */,
				896A5DBC1E14D34F00ACDA8E /* Controller */,
				896A5DBB1E14D34A00ACDA8E /* View */,
				896A5DBA1E14D34500ACDA8E /* Model */,
				896A5D881E14CF6900ACDA8E /* AppDelegate.swift */,
				896A5D8C1E14CF6900ACDA8E /* Main.storyboard */,
				896A5D8F1E14CF6900ACDA8E /* Assets.xcassets */,
				896A5D911E14CF6900ACDA8E /* LaunchScreen.storyboard */,
				896A5D941E14CF6900ACDA8E /* Info.plist */,
				89F0E6641E15C70B00E84265 /* GoogleService-Info.plist */,
			);
			path = DevslopesSocial;
			sourceTree = "<group>";
		};
		896A5D9C1E14CF6900ACDA8E /* DevslopesSocialTests */ = {
			isa = PBXGroup;
			children = (
				896A5D9D1E14CF6900ACDA8E /* DevslopesSocialTests.swift */,
				896A5D9F1E14CF6900ACDA8E /* Info.plist */,
			);
			path = DevslopesSocialTests;
			sourceTree = "<group>";
		};
		896A5DA71E14CF6900ACDA8E /* DevslopesSocialUITests */ = {
			isa = PBXGroup;
			children = (
				896A5DA81E14CF6900ACDA8E /* DevslopesSocialUITests.swift */,
				896A5DAA1E14CF6900ACDA8E /* Info.plist */,
			);
			path = DevslopesSocialUITests;
			sourceTree = "<group>";
		};
		896A5DBA1E14D34500ACDA8E /* Model */ = {
			isa = PBXGroup;
			children = (
			);
			name = Model;
			sourceTree = "<group>";
		};
		896A5DBB1E14D34A00ACDA8E /* View */ = {
			isa = PBXGroup;
			children = (
				89F0E64B1E15942B00E84265 /* FancyView.swift */,
				89F0E6541E1597AE00E84265 /* RoundButton.swift */,
				89F0E6581E15996400E84265 /* RoundImageView.swift */,
				89F0E65C1E15A87200E84265 /* FancyTextField.swift */,
				89F0E6601E15AA1700E84265 /* FancyButton.swift */,
				892651AF1E16124A004DA95A /* CircleView.swift */,
				892651B31E161EE3004DA95A /* PostCell.swift */,
			);
			name = View;
			sourceTree = "<group>";
		};
		896A5DBC1E14D34F00ACDA8E /* Controller */ = {
			isa = PBXGroup;
			children = (
				896A5D8A1E14CF6900ACDA8E /* SignInVC.swift */,
				892651AB1E15E00E004DA95A /* FeedVC.swift */,
			);
			name = Controller;
			sourceTree = "<group>";
		};
		89F0E64F1E1594F400E84265 /* Util */ = {
			isa = PBXGroup;
			children = (
				89F0E6501E15951B00E84265 /* Constants.swift */,
			);
			name = Util;
			sourceTree = "<group>";
		};
		AAF636C1C1787300FA64A404 /* Frameworks */ = {
			isa = PBXGroup;
			children = (
				9E59E18188AF2C58C72AFF37 /* Pods_DevslopesSocial.framework */,
				35216B1B40D64BCD2BE0302F /* Pods_DevslopesSocialTests.framework */,
				99EAB8554DA4D9D67741005D /* Pods_DevslopesSocialUITests.framework */,
			);
			name = Frameworks;
			sourceTree = "<group>";
		};
/* End PBXGroup section */

/* Begin PBXNativeTarget section */
		896A5D841E14CF6900ACDA8E /* DevslopesSocial */ = {
			isa = PBXNativeTarget;
			buildConfigurationList = 896A5DAD1E14CF6900ACDA8E /* Build configuration list for PBXNativeTarget "DevslopesSocial" */;
			buildPhases = (
				B61BA1D42C1CDDCEB858085E /* [CP] Check Pods Manifest.lock */,
				896A5D811E14CF6900ACDA8E /* Sources */,
				896A5D821E14CF6900ACDA8E /* Frameworks */,
				896A5D831E14CF6900ACDA8E /* Resources */,
				6CF95623ECDAEC5E69D99867 /* [CP] Embed Pods Frameworks */,
				82D61D2575189C219394DCA2 /* [CP] Copy Pods Resources */,
			);
			buildRules = (
			);
			dependencies = (
			);
			name = DevslopesSocial;
			productName = DevslopesSocial;
			productReference = 896A5D851E14CF6900ACDA8E /* DevslopesSocial.app */;
			productType = "com.apple.product-type.application";
		};
		896A5D981E14CF6900ACDA8E /* DevslopesSocialTests */ = {
			isa = PBXNativeTarget;
			buildConfigurationList = 896A5DB01E14CF6900ACDA8E /* Build configuration list for PBXNativeTarget "DevslopesSocialTests" */;
			buildPhases = (
				0A800D09AAB7F04EF9773D27 /* [CP] Check Pods Manifest.lock */,
				896A5D951E14CF6900ACDA8E /* Sources */,
				896A5D961E14CF6900ACDA8E /* Frameworks */,
				896A5D971E14CF6900ACDA8E /* Resources */,
				22C60D93C3F173D5F1339897 /* [CP] Embed Pods Frameworks */,
				53569F2F5712710E374AF7F8 /* [CP] Copy Pods Resources */,
			);
			buildRules = (
			);
			dependencies = (
				896A5D9B1E14CF6900ACDA8E /* PBXTargetDependency */,
			);
			name = DevslopesSocialTests;
			productName = DevslopesSocialTests;
			productReference = 896A5D991E14CF6900ACDA8E /* DevslopesSocialTests.xctest */;
			productType = "com.apple.product-type.bundle.unit-test";
		};
		896A5DA31E14CF6900ACDA8E /* DevslopesSocialUITests */ = {
			isa = PBXNativeTarget;
			buildConfigurationList = 896A5DB31E14CF6900ACDA8E /* Build configuration list for PBXNativeTarget "DevslopesSocialUITests" */;
			buildPhases = (
				6D930E6A0FF45695E0296379 /* [CP] Check Pods Manifest.lock */,
				896A5DA01E14CF6900ACDA8E /* Sources */,
				896A5DA11E14CF6900ACDA8E /* Frameworks */,
				896A5DA21E14CF6900ACDA8E /* Resources */,
				ED04EE6A86D8AF528ACA2704 /* [CP] Embed Pods Frameworks */,
				E568D83A3EF75EAEA201C0B7 /* [CP] Copy Pods Resources */,
			);
			buildRules = (
			);
			dependencies = (
				896A5DA61E14CF6900ACDA8E /* PBXTargetDependency */,
			);
			name = DevslopesSocialUITests;
			productName = DevslopesSocialUITests;
			productReference = 896A5DA41E14CF6900ACDA8E /* DevslopesSocialUITests.xctest */;
			productType = "com.apple.product-type.bundle.ui-testing";
		};
/* End PBXNativeTarget section */

/* Begin PBXProject section */
		896A5D7D1E14CF6900ACDA8E /* Project object */ = {
			isa = PBXProject;
			attributes = {
				LastSwiftUpdateCheck = 0820;
				LastUpgradeCheck = 0820;
				ORGANIZATIONNAME = "Thad Duval";
				TargetAttributes = {
					896A5D841E14CF6900ACDA8E = {
						CreatedOnToolsVersion = 8.2.1;
						ProvisioningStyle = Automatic;
					};
					896A5D981E14CF6900ACDA8E = {
						CreatedOnToolsVersion = 8.2.1;
						ProvisioningStyle = Automatic;
						TestTargetID = 896A5D841E14CF6900ACDA8E;
					};
					896A5DA31E14CF6900ACDA8E = {
						CreatedOnToolsVersion = 8.2.1;
						ProvisioningStyle = Automatic;
						TestTargetID = 896A5D841E14CF6900ACDA8E;
					};
				};
			};
			buildConfigurationList = 896A5D801E14CF6900ACDA8E /* Build configuration list for PBXProject "DevslopesSocial" */;
			compatibilityVersion = "Xcode 3.2";
			developmentRegion = English;
			hasScannedForEncodings = 0;
			knownRegions = (
				en,
				Base,
			);
			mainGroup = 896A5D7C1E14CF6900ACDA8E;
			productRefGroup = 896A5D861E14CF6900ACDA8E /* Products */;
			projectDirPath = "";
			projectRoot = "";
			targets = (
				896A5D841E14CF6900ACDA8E /* DevslopesSocial */,
				896A5D981E14CF6900ACDA8E /* DevslopesSocialTests */,
				896A5DA31E14CF6900ACDA8E /* DevslopesSocialUITests */,
			);
		};
/* End PBXProject section */

/* Begin PBXResourcesBuildPhase section */
		896A5D831E14CF6900ACDA8E /* Resources */ = {
			isa = PBXResourcesBuildPhase;
			buildActionMask = 2147483647;
			files = (
				896A5D931E14CF6900ACDA8E /* LaunchScreen.storyboard in Resources */,
				89F0E6651E15C70B00E84265 /* GoogleService-Info.plist in Resources */,
				896A5D901E14CF6900ACDA8E /* Assets.xcassets in Resources */,
				896A5D8E1E14CF6900ACDA8E /* Main.storyboard in Resources */,
			);
			runOnlyForDeploymentPostprocessing = 0;
		};
		896A5D971E14CF6900ACDA8E /* Resources */ = {
			isa = PBXResourcesBuildPhase;
			buildActionMask = 2147483647;
			files = (
				89F0E6661E15C70B00E84265 /* GoogleService-Info.plist in Resources */,
			);
			runOnlyForDeploymentPostprocessing = 0;
		};
		896A5DA21E14CF6900ACDA8E /* Resources */ = {
			isa = PBXResourcesBuildPhase;
			buildActionMask = 2147483647;
			files = (
				89F0E6671E15C70B00E84265 /* GoogleService-Info.plist in Resources */,
			);
			runOnlyForDeploymentPostprocessing = 0;
		};
/* End PBXResourcesBuildPhase section */

/* Begin PBXShellScriptBuildPhase section */
		0A800D09AAB7F04EF9773D27 /* [CP] Check Pods Manifest.lock */ = {
			isa = PBXShellScriptBuildPhase;
			buildActionMask = 2147483647;
			files = (
			);
			inputPaths = (
			);
			name = "[CP] Check Pods Manifest.lock";
			outputPaths = (
			);
			runOnlyForDeploymentPostprocessing = 0;
			shellPath = /bin/sh;
			shellScript = "diff \"${PODS_ROOT}/../Podfile.lock\" \"${PODS_ROOT}/Manifest.lock\" > /dev/null\nif [ $? != 0 ] ; then\n    # print error to STDERR\n    echo \"error: The sandbox is not in sync with the Podfile.lock. Run 'pod install' or update your CocoaPods installation.\" >&2\n    exit 1\nfi\n";
			showEnvVarsInLog = 0;
		};
		22C60D93C3F173D5F1339897 /* [CP] Embed Pods Frameworks */ = {
			isa = PBXShellScriptBuildPhase;
			buildActionMask = 2147483647;
			files = (
			);
			inputPaths = (
			);
			name = "[CP] Embed Pods Frameworks";
			outputPaths = (
			);
			runOnlyForDeploymentPostprocessing = 0;
			shellPath = /bin/sh;
			shellScript = "\"${SRCROOT}/Pods/Target Support Files/Pods-DevslopesSocialTests/Pods-DevslopesSocialTests-frameworks.sh\"\n";
			showEnvVarsInLog = 0;
		};
		53569F2F5712710E374AF7F8 /* [CP] Copy Pods Resources */ = {
			isa = PBXShellScriptBuildPhase;
			buildActionMask = 2147483647;
			files = (
			);
			inputPaths = (
			);
			name = "[CP] Copy Pods Resources";
			outputPaths = (
			);
			runOnlyForDeploymentPostprocessing = 0;
			shellPath = /bin/sh;
			shellScript = "\"${SRCROOT}/Pods/Target Support Files/Pods-DevslopesSocialTests/Pods-DevslopesSocialTests-resources.sh\"\n";
			showEnvVarsInLog = 0;
		};
		6CF95623ECDAEC5E69D99867 /* [CP] Embed Pods Frameworks */ = {
			isa = PBXShellScriptBuildPhase;
			buildActionMask = 2147483647;
			files = (
			);
			inputPaths = (
			);
			name = "[CP] Embed Pods Frameworks";
			outputPaths = (
			);
			runOnlyForDeploymentPostprocessing = 0;
			shellPath = /bin/sh;
			shellScript = "\"${SRCROOT}/Pods/Target Support Files/Pods-DevslopesSocial/Pods-DevslopesSocial-frameworks.sh\"\n";
			showEnvVarsInLog = 0;
		};
		6D930E6A0FF45695E0296379 /* [CP] Check Pods Manifest.lock */ = {
			isa = PBXShellScriptBuildPhase;
			buildActionMask = 2147483647;
			files = (
			);
			inputPaths = (
			);
			name = "[CP] Check Pods Manifest.lock";
			outputPaths = (
			);
			runOnlyForDeploymentPostprocessing = 0;
			shellPath = /bin/sh;
			shellScript = "diff \"${PODS_ROOT}/../Podfile.lock\" \"${PODS_ROOT}/Manifest.lock\" > /dev/null\nif [ $? != 0 ] ; then\n    # print error to STDERR\n    echo \"error: The sandbox is not in sync with the Podfile.lock. Run 'pod install' or update your CocoaPods installation.\" >&2\n    exit 1\nfi\n";
			showEnvVarsInLog = 0;
		};
		82D61D2575189C219394DCA2 /* [CP] Copy Pods Resources */ = {
			isa = PBXShellScriptBuildPhase;
			buildActionMask = 2147483647;
			files = (
			);
			inputPaths = (
			);
			name = "[CP] Copy Pods Resources";
			outputPaths = (
			);
			runOnlyForDeploymentPostprocessing = 0;
			shellPath = /bin/sh;
			shellScript = "\"${SRCROOT}/Pods/Target Support Files/Pods-DevslopesSocial/Pods-DevslopesSocial-resources.sh\"\n";
			showEnvVarsInLog = 0;
		};
		B61BA1D42C1CDDCEB858085E /* [CP] Check Pods Manifest.lock */ = {
			isa = PBXShellScriptBuildPhase;
			buildActionMask = 2147483647;
			files = (
			);
			inputPaths = (
			);
			name = "[CP] Check Pods Manifest.lock";
			outputPaths = (
			);
			runOnlyForDeploymentPostprocessing = 0;
			shellPath = /bin/sh;
			shellScript = "diff \"${PODS_ROOT}/../Podfile.lock\" \"${PODS_ROOT}/Manifest.lock\" > /dev/null\nif [ $? != 0 ] ; then\n    # print error to STDERR\n    echo \"error: The sandbox is not in sync with the Podfile.lock. Run 'pod install' or update your CocoaPods installation.\" >&2\n    exit 1\nfi\n";
			showEnvVarsInLog = 0;
		};
		E568D83A3EF75EAEA201C0B7 /* [CP] Copy Pods Resources */ = {
			isa = PBXShellScriptBuildPhase;
			buildActionMask = 2147483647;
			files = (
			);
			inputPaths = (
			);
			name = "[CP] Copy Pods Resources";
			outputPaths = (
			);
			runOnlyForDeploymentPostprocessing = 0;
			shellPath = /bin/sh;
			shellScript = "\"${SRCROOT}/Pods/Target Support Files/Pods-DevslopesSocialUITests/Pods-DevslopesSocialUITests-resources.sh\"\n";
			showEnvVarsInLog = 0;
		};
		ED04EE6A86D8AF528ACA2704 /* [CP] Embed Pods Frameworks */ = {
			isa = PBXShellScriptBuildPhase;
			buildActionMask = 2147483647;
			files = (
			);
			inputPaths = (
			);
			name = "[CP] Embed Pods Frameworks";
			outputPaths = (
			);
			runOnlyForDeploymentPostprocessing = 0;
			shellPath = /bin/sh;
			shellScript = "\"${SRCROOT}/Pods/Target Support Files/Pods-DevslopesSocialUITests/Pods-DevslopesSocialUITests-frameworks.sh\"\n";
			showEnvVarsInLog = 0;
		};
/* End PBXShellScriptBuildPhase section */

/* Begin PBXSourcesBuildPhase section */
		896A5D811E14CF6900ACDA8E /* Sources */ = {
			isa = PBXSourcesBuildPhase;
			buildActionMask = 2147483647;
			files = (
				892651AC1E15E00E004DA95A /* FeedVC.swift in Sources */,
				896A5D8B1E14CF6900ACDA8E /* SignInVC.swift in Sources */,
				89F0E6611E15AA1700E84265 /* FancyButton.swift in Sources */,
				892651B91E16EFF5004DA95A /* DataService.swift in Sources */,
				89F0E6551E1597AE00E84265 /* RoundButton.swift in Sources */,
				896A5D891E14CF6900ACDA8E /* AppDelegate.swift in Sources */,
				89F0E64C1E15942B00E84265 /* FancyView.swift in Sources */,
				892651B01E16124A004DA95A /* CircleView.swift in Sources */,
				89F0E65D1E15A87200E84265 /* FancyTextField.swift in Sources */,
				892651B41E161EE3004DA95A /* PostCell.swift in Sources */,
				89F0E6511E15951B00E84265 /* Constants.swift in Sources */,
				89F0E6591E15996400E84265 /* RoundImageView.swift in Sources */,
			);
			runOnlyForDeploymentPostprocessing = 0;
		};
		896A5D951E14CF6900ACDA8E /* Sources */ = {
			isa = PBXSourcesBuildPhase;
			buildActionMask = 2147483647;
			files = (
				892651B11E16124A004DA95A /* CircleView.swift in Sources */,
				89F0E65A1E15996400E84265 /* RoundImageView.swift in Sources */,
				89F0E6561E1597AE00E84265 /* RoundButton.swift in Sources */,
				89F0E64D1E15942B00E84265 /* FancyView.swift in Sources */,
				89F0E6621E15AA1700E84265 /* FancyButton.swift in Sources */,
				892651BA1E16EFF5004DA95A /* DataService.swift in Sources */,
				892651AD1E15E00E004DA95A /* FeedVC.swift in Sources */,
				89F0E65E1E15A87200E84265 /* FancyTextField.swift in Sources */,
				896A5D9E1E14CF6900ACDA8E /* DevslopesSocialTests.swift in Sources */,
				89F0E6521E15951B00E84265 /* Constants.swift in Sources */,
				892651B51E161EE3004DA95A /* PostCell.swift in Sources */,
			);
			runOnlyForDeploymentPostprocessing = 0;
		};
		896A5DA01E14CF6900ACDA8E /* Sources */ = {
			isa = PBXSourcesBuildPhase;
			buildActionMask = 2147483647;
			files = (
				892651B21E16124A004DA95A /* CircleView.swift in Sources */,
				89F0E65B1E15996400E84265 /* RoundImageView.swift in Sources */,
				89F0E6571E1597AE00E84265 /* RoundButton.swift in Sources */,
				89F0E64E1E15942B00E84265 /* FancyView.swift in Sources */,
				89F0E6631E15AA1700E84265 /* FancyButton.swift in Sources */,
				892651BB1E16EFF5004DA95A /* DataService.swift in Sources */,
				892651AE1E15E00E004DA95A /* FeedVC.swift in Sources */,
				89F0E65F1E15A87200E84265 /* FancyTextField.swift in Sources */,
				896A5DA91E14CF6900ACDA8E /* DevslopesSocialUITests.swift in Sources */,
				89F0E6531E15951B00E84265 /* Constants.swift in Sources */,
				892651B61E161EE3004DA95A /* PostCell.swift in Sources */,
			);
			runOnlyForDeploymentPostprocessing = 0;
		};
/* End PBXSourcesBuildPhase section */

/* Begin PBXTargetDependency section */
		896A5D9B1E14CF6900ACDA8E /* PBXTargetDependency */ = {
			isa = PBXTargetDependency;
			target = 896A5D841E14CF6900ACDA8E /* DevslopesSocial */;
			targetProxy = 896A5D9A1E14CF6900ACDA8E /* PBXContainerItemProxy */;
		};
		896A5DA61E14CF6900ACDA8E /* PBXTargetDependency */ = {
			isa = PBXTargetDependency;
			target = 896A5D841E14CF6900ACDA8E /* DevslopesSocial */;
			targetProxy = 896A5DA51E14CF6900ACDA8E /* PBXContainerItemProxy */;
		};
/* End PBXTargetDependency section */

/* Begin PBXVariantGroup section */
		896A5D8C1E14CF6900ACDA8E /* Main.storyboard */ = {
			isa = PBXVariantGroup;
			children = (
				896A5D8D1E14CF6900ACDA8E /* Base */,
			);
			name = Main.storyboard;
			sourceTree = "<group>";
		};
		896A5D911E14CF6900ACDA8E /* LaunchScreen.storyboard */ = {
			isa = PBXVariantGroup;
			children = (
				896A5D921E14CF6900ACDA8E /* Base */,
			);
			name = LaunchScreen.storyboard;
			sourceTree = "<group>";
		};
/* End PBXVariantGroup section */

/* Begin XCBuildConfiguration section */
		896A5DAB1E14CF6900ACDA8E /* Debug */ = {
			isa = XCBuildConfiguration;
			buildSettings = {
				ALWAYS_SEARCH_USER_PATHS = NO;
				CLANG_ANALYZER_NONNULL = YES;
				CLANG_CXX_LANGUAGE_STANDARD = "gnu++0x";
				CLANG_CXX_LIBRARY = "libc++";
				CLANG_ENABLE_MODULES = YES;
				CLANG_ENABLE_OBJC_ARC = YES;
				CLANG_WARN_BOOL_CONVERSION = YES;
				CLANG_WARN_CONSTANT_CONVERSION = YES;
				CLANG_WARN_DIRECT_OBJC_ISA_USAGE = YES_ERROR;
				CLANG_WARN_DOCUMENTATION_COMMENTS = YES;
				CLANG_WARN_EMPTY_BODY = YES;
				CLANG_WARN_ENUM_CONVERSION = YES;
				CLANG_WARN_INFINITE_RECURSION = YES;
				CLANG_WARN_INT_CONVERSION = YES;
				CLANG_WARN_OBJC_ROOT_CLASS = YES_ERROR;
				CLANG_WARN_SUSPICIOUS_MOVE = YES;
				CLANG_WARN_UNREACHABLE_CODE = YES;
				CLANG_WARN__DUPLICATE_METHOD_MATCH = YES;
				"CODE_SIGN_IDENTITY[sdk=iphoneos*]" = "iPhone Developer";
				COPY_PHASE_STRIP = NO;
				DEBUG_INFORMATION_FORMAT = dwarf;
				ENABLE_STRICT_OBJC_MSGSEND = YES;
				ENABLE_TESTABILITY = YES;
				GCC_C_LANGUAGE_STANDARD = gnu99;
				GCC_DYNAMIC_NO_PIC = NO;
				GCC_NO_COMMON_BLOCKS = YES;
				GCC_OPTIMIZATION_LEVEL = 0;
				GCC_PREPROCESSOR_DEFINITIONS = (
					"DEBUG=1",
					"$(inherited)",
				);
				GCC_WARN_64_TO_32_BIT_CONVERSION = YES;
				GCC_WARN_ABOUT_RETURN_TYPE = YES_ERROR;
				GCC_WARN_UNDECLARED_SELECTOR = YES;
				GCC_WARN_UNINITIALIZED_AUTOS = YES_AGGRESSIVE;
				GCC_WARN_UNUSED_FUNCTION = YES;
				GCC_WARN_UNUSED_VARIABLE = YES;
				IPHONEOS_DEPLOYMENT_TARGET = 10.2;
				MTL_ENABLE_DEBUG_INFO = YES;
				ONLY_ACTIVE_ARCH = YES;
				SDKROOT = iphoneos;
				SWIFT_ACTIVE_COMPILATION_CONDITIONS = DEBUG;
				SWIFT_OPTIMIZATION_LEVEL = "-Onone";
				TARGETED_DEVICE_FAMILY = "1,2";
			};
			name = Debug;
		};
		896A5DAC1E14CF6900ACDA8E /* Release */ = {
			isa = XCBuildConfiguration;
			buildSettings = {
				ALWAYS_SEARCH_USER_PATHS = NO;
				CLANG_ANALYZER_NONNULL = YES;
				CLANG_CXX_LANGUAGE_STANDARD = "gnu++0x";
				CLANG_CXX_LIBRARY = "libc++";
				CLANG_ENABLE_MODULES = YES;
				CLANG_ENABLE_OBJC_ARC = YES;
				CLANG_WARN_BOOL_CONVERSION = YES;
				CLANG_WARN_CONSTANT_CONVERSION = YES;
				CLANG_WARN_DIRECT_OBJC_ISA_USAGE = YES_ERROR;
				CLANG_WARN_DOCUMENTATION_COMMENTS = YES;
				CLANG_WARN_EMPTY_BODY = YES;
				CLANG_WARN_ENUM_CONVERSION = YES;
				CLANG_WARN_INFINITE_RECURSION = YES;
				CLANG_WARN_INT_CONVERSION = YES;
				CLANG_WARN_OBJC_ROOT_CLASS = YES_ERROR;
				CLANG_WARN_SUSPICIOUS_MOVE = YES;
				CLANG_WARN_UNREACHABLE_CODE = YES;
				CLANG_WARN__DUPLICATE_METHOD_MATCH = YES;
				"CODE_SIGN_IDENTITY[sdk=iphoneos*]" = "iPhone Developer";
				COPY_PHASE_STRIP = NO;
				DEBUG_INFORMATION_FORMAT = "dwarf-with-dsym";
				ENABLE_NS_ASSERTIONS = NO;
				ENABLE_STRICT_OBJC_MSGSEND = YES;
				GCC_C_LANGUAGE_STANDARD = gnu99;
				GCC_NO_COMMON_BLOCKS = YES;
				GCC_WARN_64_TO_32_BIT_CONVERSION = YES;
				GCC_WARN_ABOUT_RETURN_TYPE = YES_ERROR;
				GCC_WARN_UNDECLARED_SELECTOR = YES;
				GCC_WARN_UNINITIALIZED_AUTOS = YES_AGGRESSIVE;
				GCC_WARN_UNUSED_FUNCTION = YES;
				GCC_WARN_UNUSED_VARIABLE = YES;
				IPHONEOS_DEPLOYMENT_TARGET = 10.2;
				MTL_ENABLE_DEBUG_INFO = NO;
				SDKROOT = iphoneos;
				SWIFT_OPTIMIZATION_LEVEL = "-Owholemodule";
				TARGETED_DEVICE_FAMILY = "1,2";
				VALIDATE_PRODUCT = YES;
			};
			name = Release;
		};
		896A5DAE1E14CF6900ACDA8E /* Debug */ = {
			isa = XCBuildConfiguration;
			baseConfigurationReference = 562033474AE25BBA8B30F0B3 /* Pods-DevslopesSocial.debug.xcconfig */;
			buildSettings = {
				ALWAYS_EMBED_SWIFT_STANDARD_LIBRARIES = YES;
				ASSETCATALOG_COMPILER_APPICON_NAME = AppIcon;
				INFOPLIST_FILE = DevslopesSocial/Info.plist;
				LD_RUNPATH_SEARCH_PATHS = "$(inherited) @executable_path/Frameworks";
				PRODUCT_BUNDLE_IDENTIFIER = com.witherberry.DevslopesSocial;
				PRODUCT_NAME = "$(TARGET_NAME)";
				SWIFT_VERSION = 3.0;
			};
			name = Debug;
		};
		896A5DAF1E14CF6900ACDA8E /* Release */ = {
			isa = XCBuildConfiguration;
			baseConfigurationReference = 560CFC8F21B698A8ADD45838 /* Pods-DevslopesSocial.release.xcconfig */;
			buildSettings = {
				ALWAYS_EMBED_SWIFT_STANDARD_LIBRARIES = YES;
				ASSETCATALOG_COMPILER_APPICON_NAME = AppIcon;
				INFOPLIST_FILE = DevslopesSocial/Info.plist;
				LD_RUNPATH_SEARCH_PATHS = "$(inherited) @executable_path/Frameworks";
				PRODUCT_BUNDLE_IDENTIFIER = com.witherberry.DevslopesSocial;
				PRODUCT_NAME = "$(TARGET_NAME)";
				SWIFT_VERSION = 3.0;
			};
			name = Release;
		};
		896A5DB11E14CF6900ACDA8E /* Debug */ = {
			isa = XCBuildConfiguration;
			baseConfigurationReference = C92E0D40B6B29E974547390A /* Pods-DevslopesSocialTests.debug.xcconfig */;
			buildSettings = {
				ALWAYS_EMBED_SWIFT_STANDARD_LIBRARIES = YES;
				BUNDLE_LOADER = "$(TEST_HOST)";
				INFOPLIST_FILE = DevslopesSocialTests/Info.plist;
				LD_RUNPATH_SEARCH_PATHS = "$(inherited) @executable_path/Frameworks @loader_path/Frameworks";
				PRODUCT_BUNDLE_IDENTIFIER = com.witherberry.DevslopesSocialTests;
				PRODUCT_NAME = "$(TARGET_NAME)";
				SWIFT_VERSION = 3.0;
				TEST_HOST = "$(BUILT_PRODUCTS_DIR)/DevslopesSocial.app/DevslopesSocial";
			};
			name = Debug;
		};
		896A5DB21E14CF6900ACDA8E /* Release */ = {
			isa = XCBuildConfiguration;
			baseConfigurationReference = DF10BB7581D37CB12B1BC7B5 /* Pods-DevslopesSocialTests.release.xcconfig */;
			buildSettings = {
				ALWAYS_EMBED_SWIFT_STANDARD_LIBRARIES = YES;
				BUNDLE_LOADER = "$(TEST_HOST)";
				INFOPLIST_FILE = DevslopesSocialTests/Info.plist;
				LD_RUNPATH_SEARCH_PATHS = "$(inherited) @executable_path/Frameworks @loader_path/Frameworks";
				PRODUCT_BUNDLE_IDENTIFIER = com.witherberry.DevslopesSocialTests;
				PRODUCT_NAME = "$(TARGET_NAME)";
				SWIFT_VERSION = 3.0;
				TEST_HOST = "$(BUILT_PRODUCTS_DIR)/DevslopesSocial.app/DevslopesSocial";
			};
			name = Release;
		};
		896A5DB41E14CF6900ACDA8E /* Debug */ = {
			isa = XCBuildConfiguration;
			baseConfigurationReference = 58C05B56C6235F7D063A6903 /* Pods-DevslopesSocialUITests.debug.xcconfig */;
			buildSettings = {
				ALWAYS_EMBED_SWIFT_STANDARD_LIBRARIES = YES;
				INFOPLIST_FILE = DevslopesSocialUITests/Info.plist;
				LD_RUNPATH_SEARCH_PATHS = "$(inherited) @executable_path/Frameworks @loader_path/Frameworks";
				PRODUCT_BUNDLE_IDENTIFIER = com.witherberry.DevslopesSocialUITests;
				PRODUCT_NAME = "$(TARGET_NAME)";
				SWIFT_VERSION = 3.0;
				TEST_TARGET_NAME = DevslopesSocial;
			};
			name = Debug;
		};
		896A5DB51E14CF6900ACDA8E /* Release */ = {
			isa = XCBuildConfiguration;
			baseConfigurationReference = 3086DD3CB389CCBD9E3AF981 /* Pods-DevslopesSocialUITests.release.xcconfig */;
			buildSettings = {
				ALWAYS_EMBED_SWIFT_STANDARD_LIBRARIES = YES;
				INFOPLIST_FILE = DevslopesSocialUITests/Info.plist;
				LD_RUNPATH_SEARCH_PATHS = "$(inherited) @executable_path/Frameworks @loader_path/Frameworks";
				PRODUCT_BUNDLE_IDENTIFIER = com.witherberry.DevslopesSocialUITests;
				PRODUCT_NAME = "$(TARGET_NAME)";
				SWIFT_VERSION = 3.0;
				TEST_TARGET_NAME = DevslopesSocial;
			};
			name = Release;
		};
/* End XCBuildConfiguration section */

/* Begin XCConfigurationList section */
		896A5D801E14CF6900ACDA8E /* Build configuration list for PBXProject "DevslopesSocial" */ = {
			isa = XCConfigurationList;
			buildConfigurations = (
				896A5DAB1E14CF6900ACDA8E /* Debug */,
				896A5DAC1E14CF6900ACDA8E /* Release */,
			);
			defaultConfigurationIsVisible = 0;
			defaultConfigurationName = Release;
		};
		896A5DAD1E14CF6900ACDA8E /* Build configuration list for PBXNativeTarget "DevslopesSocial" */ = {
			isa = XCConfigurationList;
			buildConfigurations = (
				896A5DAE1E14CF6900ACDA8E /* Debug */,
				896A5DAF1E14CF6900ACDA8E /* Release */,
			);
			defaultConfigurationIsVisible = 0;
			defaultConfigurationName = Release;
		};
		896A5DB01E14CF6900ACDA8E /* Build configuration list for PBXNativeTarget "DevslopesSocialTests" */ = {
			isa = XCConfigurationList;
			buildConfigurations = (
				896A5DB11E14CF6900ACDA8E /* Debug */,
				896A5DB21E14CF6900ACDA8E /* Release */,
			);
			defaultConfigurationIsVisible = 0;
			defaultConfigurationName = Release;
		};
		896A5DB31E14CF6900ACDA8E /* Build configuration list for PBXNativeTarget "DevslopesSocialUITests" */ = {
			isa = XCConfigurationList;
			buildConfigurations = (
				896A5DB41E14CF6900ACDA8E /* Debug */,
				896A5DB51E14CF6900ACDA8E /* Release */,
			);
			defaultConfigurationIsVisible = 0;
			defaultConfigurationName = Release;
		};
/* End XCConfigurationList section */
	};
	rootObject = 896A5D7D1E14CF6900ACDA8E /* Project object */;
}
